# This file is autogenerated, do not edit; changes may be undone by the next 'dep ensure'.


[[projects]]
  name = "github.com/BurntSushi/toml"
  packages = ["."]
  revision = "a368813c5e648fee92e5f6c30e3944ff9d5e8895"

[[projects]]
  branch = "master"
  name = "github.com/armon/go-metrics"
  packages = ["."]
  revision = "7aa49fde808223f8dadfdbfd3a20ff6c19e5f9ec"

[[projects]]
  name = "github.com/bmizerany/pat"
  packages = ["."]
  revision = "c068ca2f0aacee5ac3681d68e4d0a003b7d1fd2c"

[[projects]]
  name = "github.com/boltdb/bolt"
  packages = ["."]
  revision = "2f1ce7a837dcb8da3ec595b1dac9d0632f0f99e8"
  version = "v1.3.1"

[[projects]]
  name = "github.com/cespare/xxhash"
  packages = ["."]
  revision = "5c37fe3735342a2e0d01c87a907579987c8936cc"
  version = "v1.0.0"

[[projects]]
  name = "github.com/dgrijalva/jwt-go"
  packages = ["."]
  revision = "24c63f56522a87ec5339cc3567883f1039378fdb"

[[projects]]
  branch = "master"
  name = "github.com/dgryski/go-bits"
  packages = ["."]
  revision = "2ad8d707cc05b1815ce6ff2543bb5e8d8f9298ef"

[[projects]]
  branch = "master"
  name = "github.com/dgryski/go-bitstream"
  packages = ["."]
  revision = "7d46cd22db7004f0cceb6f7975824b560cf0e486"

[[projects]]
  name = "github.com/gogo/protobuf"
  packages = [
    "gogoproto",
    "proto",
    "protoc-gen-gogo/descriptor",
    "sortkeys",
    "types"
  ]
  revision = "1c2b16bc280d6635de6c52fc1471ab962dc36ec9"

[[projects]]
  branch = "master"
  name = "github.com/golang/protobuf"
  packages = [
    "proto",
    "ptypes",
    "ptypes/any",
    "ptypes/duration",
    "ptypes/timestamp"
  ]
  revision = "c65a0412e71e8b9b3bfd22925720d23c0f054237"

[[projects]]
  name = "github.com/golang/snappy"
  packages = ["."]
  revision = "d9eb7a3d35ec988b8585d4a0068e462c27d28380"

[[projects]]
  branch = "master"
  name = "github.com/hashicorp/go-immutable-radix"
  packages = ["."]
  revision = "8aac2701530899b64bdea735a1de8da899815220"

[[projects]]
  branch = "master"
  name = "github.com/hashicorp/go-msgpack"
  packages = ["codec"]
  revision = "fa3f63826f7c23912c15263591e65d54d080b458"

[[projects]]
  branch = "master"
  name = "github.com/hashicorp/golang-lru"
  packages = ["simplelru"]
  revision = "0a025b7e63adc15a622f29b0b2c4c3848243bbf6"

[[projects]]
  name = "github.com/hashicorp/raft"
  packages = ["."]
  revision = "0919aa6a43618e19335d2ac609d4ff079ce75ed8"

[[projects]]
  name = "github.com/hashicorp/raft-boltdb"
  packages = ["."]
  revision = "6e5ba93211eaf8d9a2ad7e41ffad8c6f160f9fe3"

[[projects]]
  name = "github.com/influxdata/influxdb"
  packages = [
    ".",
    "coordinator",
    "internal",
    "models",
    "monitor",
    "monitor/diagnostics",
    "pkg/bits",
    "pkg/bloom",
    "pkg/bytesutil",
    "pkg/escape",
    "pkg/estimator",
    "pkg/estimator/hll",
    "pkg/limiter",
    "pkg/metrics",
    "pkg/mmap",
    "pkg/pool",
    "pkg/rhh",
    "pkg/tracing",
    "pkg/tracing/fields",
    "pkg/tracing/labels",
    "pkg/tracing/wire",
    "prometheus",
    "prometheus/remote",
    "query",
    "query/internal",
    "query/neldermead",
    "services/httpd",
    "services/meta",
    "services/meta/internal",
    "services/precreator",
    "services/retention",
    "tcp",
    "toml",
    "tsdb",
    "tsdb/engine",
    "tsdb/engine/tsm1",
    "tsdb/index",
    "tsdb/index/inmem",
    "tsdb/index/tsi1",
    "tsdb/internal",
    "uuid"
  ]
  revision = "6d2685d1738277a1c2672fc58df7994627769be6"
  version = "v1.4.2"

[[projects]]
  branch = "master"
  name = "github.com/influxdata/influxql"
  packages = [
    ".",
    "internal"
  ]
  revision = "851636b092678c9816f183ca8267a490c19be163"

[[projects]]
  branch = "master"
  name = "github.com/jwilder/encoding"
  packages = ["simple8b"]
  revision = "b4e1701a28efcc637d9afcca7d38e495fe909a09"

[[projects]]
  name = "github.com/philhofer/fwd"
  packages = ["."]
  revision = "bb6d471dc95d4fe11e432687f8b70ff496cf3136"
  version = "v1.0.0"

[[projects]]
  name = "github.com/tinylib/msgp"
  packages = ["msgp"]
  revision = "ad0ff2e232ad2e37faf67087fb24bf8d04a8ce20"

[[projects]]
  name = "github.com/uber-go/atomic"
  packages = ["."]
  revision = "8474b86a5a6f79c443ce4b2992817ff32cf208b8"
  version = "v1.3.1"

[[projects]]
  name = "github.com/uber-go/zap"
  packages = ["."]
  revision = "fbae0281ffd546fa6d1959fec6075ac5da7fb577"

[[projects]]
  branch = "master"
  name = "github.com/xlab/treeprint"
  packages = ["."]
  revision = "06dfc6fa17cdde904617990a0c2d89e3e332dbb3"

[[projects]]
  name = "golang.org/x/crypto"
  packages = [
    "bcrypt",
    "blowfish"
  ]
  revision = "9477e0b78b9ac3d0b03822fd95422e2fe07627cd"

[[projects]]
  branch = "master"
  name = "golang.org/x/net"
  packages = [
    "context",
    "http2",
    "http2/hpack",
    "idna",
    "internal/timeseries",
    "lex/httplex",
    "trace"
  ]
  revision = "0ed95abb35c445290478a5348a7b38bb154135fd"

[[projects]]
  branch = "master"
  name = "golang.org/x/sys"
  packages = ["unix"]
  revision = "83801418e1b59fb1880e363299581ee543af32ca"

[[projects]]
  branch = "master"
  name = "golang.org/x/text"
  packages = [
    "collate",
    "collate/build",
    "internal/colltab",
    "internal/gen",
    "internal/tag",
    "internal/triegen",
    "internal/ucd",
    "language",
    "secure/bidirule",
    "transform",
    "unicode/bidi",
    "unicode/cldr",
    "unicode/norm",
    "unicode/rangetable"
  ]
  revision = "e19ae1496984b1c655b8044a65c0300a3c878dd3"

[[projects]]
  branch = "master"
  name = "google.golang.org/genproto"
  packages = ["googleapis/rpc/status"]
  revision = "4eb30f4778eed4c258ba66527a0d4f9ec8a36c45"

[[projects]]
  name = "google.golang.org/grpc"
  packages = [
    ".",
    "balancer",
    "balancer/base",
    "balancer/roundrobin",
    "codes",
    "connectivity",
    "credentials",
    "encoding",
    "grpclb/grpc_lb_v1/messages",
    "grpclog",
    "internal",
    "keepalive",
    "metadata",
    "naming",
    "peer",
    "resolver",
    "resolver/dns",
    "resolver/passthrough",
    "stats",
    "status",
    "tap",
    "transport"
  ]
  revision = "6b51017f791ae1cfbec89c52efdf444b13b550ef"
  version = "v1.9.2"

[[projects]]
  branch = "v2.0.0"
  name = "gopkg.in/fatih/pool.v2"
  packages = ["."]
  revision = "010e0b745d12eaf8426c95f9c3924d81dd0b668f"

[solve-meta]
  analyzer-name = "dep"
  analyzer-version = 1
  inputs-digest = "7cde55b4e61a1b441328c5d7ac5a91b207337e1f7d7a15878430a89c16f7db11"
  solver-name = "gps-cdcl"
  solver-version = 1
